
Microsoft Visual Studio Solution File, Format Version 12.00
# Visual Studio 15
VisualStudioVersion = 15.0.28307.438
MinimumVisualStudioVersion = 10.0.40219.1
Project("{FAE04EC0-301F-11D3-BF4B-00C04F79EFBC}") = "Newton Interpolation", "Newton Interpolation.csproj", "{A1817AAD-35F0-4C08-97F2-02C2DCB1B22B}"
EndProject
Global
	GlobalSection(SolutionConfigurationPlatforms) = preSolution
		Debug|Any CPU = Debug|Any CPU
		Debug|ARM = Debug|ARM
		Debug|ARM64 = Debug|ARM64
		Debug|x64 = Debug|x64
		Debug|x86 = Debug|x86
		Release|Any CPU = Release|Any CPU
		Release|ARM = Release|ARM
		Release|ARM64 = Release|ARM64
		Release|x64 = Release|x64
		Release|x86 = Release|x86
	EndGlobalSection
	GlobalSection(ProjectConfigurationPlatforms) = postSolution
		{A1817AAD-35F0-4C08-97F2-02C2DCB1B22B}.Debug|Any CPU.ActiveCfg = Debug|Any CPU
		{A1817AAD-35F0-4C08-97F2-02C2DCB1B22B}.Debug|Any CPU.Build.0 = Debug|Any CPU
		{A1817AAD-35F0-4C08-97F2-02C2DCB1B22B}.Debug|ARM.ActiveCfg = Debug|Any CPU
		{A1817AAD-35F0-4C08-97F2-02C2DCB1B22B}.Debug|ARM.Build.0 = Debug|Any CPU
		{A1817AAD-35F0-4C08-97F2-02C2DCB1B22B}.Debug|ARM64.ActiveCfg = Debug|Any CPU
		{A1817AAD-35F0-4C08-97F2-02C2DCB1B22B}.Debug|ARM64.Build.0 = Debug|Any CPU
		{A1817AAD-35F0-4C08-97F2-02C2DCB1B22B}.Debug|x64.ActiveCfg = Debug|Any CPU
		{A1817AAD-35F0-4C08-97F2-02C2DCB1B22B}.Debug|x64.Build.0 = Debug|Any CPU
		{A1817AAD-35F0-4C08-97F2-02C2DCB1B22B}.Debug|x86.ActiveCfg = Debug|Any CPU
		{A1817AAD-35F0-4C08-97F2-02C2DCB1B22B}.Debug|x86.Build.0 = Debug|Any CPU
		{A1817AAD-35F0-4C08-97F2-02C2DCB1B22B}.Release|Any CPU.ActiveCfg = Release|Any CPU
		{A1817AAD-35F0-4C08-97F2-02C2DCB1B22B}.Release|Any CPU.Build.0 = Release|Any CPU
		{A1817AAD-35F0-4C08-97F2-02C2DCB1B22B}.Release|ARM.ActiveCfg = Release|Any CPU
		{A1817AAD-35F0-4C08-97F2-02C2DCB1B22B}.Release|ARM.Build.0 = Release|Any CPU
		{A1817AAD-35F0-4C08-97F2-02C2DCB1B22B}.Release|ARM64.ActiveCfg = Release|Any CPU
		{A1817AAD-35F0-4C08-97F2-02C2DCB1B22B}.Release|ARM64.Build.0 = Release|Any CPU
		{A1817AAD-35F0-4C08-97F2-02C2DCB1B22B}.Release|x64.ActiveCfg = Release|Any CPU
		{A1817AAD-35F0-4C08-97F2-02C2DCB1B22B}.Release|x64.Build.0 = Release|Any CPU
		{A1817AAD-35F0-4C08-97F2-02C2DCB1B22B}.Release|x86.ActiveCfg = Release|Any CPU
		{A1817AAD-35F0-4C08-97F2-02C2DCB1B22B}.Release|x86.Build.0 = Release|Any CPU
	EndGlobalSection
	GlobalSection(SolutionProperties) = preSolution
		HideSolutionNode = FALSE
	EndGlobalSection
	GlobalSection(ExtensibilityGlobals) = postSolution
		SolutionGuid = {C78AA872-41D8-478B-9FF8-7375F9195E5B}
	EndGlobalSection
EndGlobal
